// !$*UTF8*$!
{
	archiveVersion = 1;
	classes = {
	};
	objectVersion = 56;
	objects = {

/* Begin PBXBuildFile section */
		A518CEF82ACB40D700EEC263 /* AlbumViewModel.swift in Sources */ = {isa = PBXBuildFile; fileRef = A518CEF72ACB40D700EEC263 /* AlbumViewModel.swift */; };
		A518CEFB2ACB412100EEC263 /* Profile.swift in Sources */ = {isa = PBXBuildFile; fileRef = A518CEFA2ACB412100EEC263 /* Profile.swift */; };
		A518CEFF2ACB46FC00EEC263 /* Array+Extension.swift in Sources */ = {isa = PBXBuildFile; fileRef = A518CEFE2ACB46FC00EEC263 /* Array+Extension.swift */; };
		A58818DD2AC7E9B500D7D771 /* AppDelegate.swift in Sources */ = {isa = PBXBuildFile; fileRef = A58818DC2AC7E9B500D7D771 /* AppDelegate.swift */; };
		A58818DF2AC7E9B500D7D771 /* SceneDelegate.swift in Sources */ = {isa = PBXBuildFile; fileRef = A58818DE2AC7E9B500D7D771 /* SceneDelegate.swift */; };
		A58818E12AC7E9B500D7D771 /* HomeViewController.swift in Sources */ = {isa = PBXBuildFile; fileRef = A58818E02AC7E9B500D7D771 /* HomeViewController.swift */; };
		A58818E62AC7E9B600D7D771 /* Assets.xcassets in Resources */ = {isa = PBXBuildFile; fileRef = A58818E52AC7E9B600D7D771 /* Assets.xcassets */; };
		A58818E92AC7E9B600D7D771 /* LaunchScreen.storyboard in Resources */ = {isa = PBXBuildFile; fileRef = A58818E72AC7E9B600D7D771 /* LaunchScreen.storyboard */; };
		A58818F22AC7F37700D7D771 /* NetworkManagerImpl.swift in Sources */ = {isa = PBXBuildFile; fileRef = A58818F12AC7F37700D7D771 /* NetworkManagerImpl.swift */; };
		A58818F52AC7F3E100D7D771 /* Swinject in Frameworks */ = {isa = PBXBuildFile; productRef = A58818F42AC7F3E100D7D771 /* Swinject */; };
		A58818F82AC7F3F500D7D771 /* SwinjectAutoregistration in Frameworks */ = {isa = PBXBuildFile; productRef = A58818F72AC7F3F500D7D771 /* SwinjectAutoregistration */; };
		A58818FB2AC7F43500D7D771 /* Container+Services.swift in Sources */ = {isa = PBXBuildFile; fileRef = A58818FA2AC7F43500D7D771 /* Container+Services.swift */; };
		A58818FD2AC7F4A000D7D771 /* Container+RegisterDependencies.swift in Sources */ = {isa = PBXBuildFile; fileRef = A58818FC2AC7F4A000D7D771 /* Container+RegisterDependencies.swift */; };
		A58819002AC7F59D00D7D771 /* APIEndPoints.swift in Sources */ = {isa = PBXBuildFile; fileRef = A58818FF2AC7F59D00D7D771 /* APIEndPoints.swift */; };
		A58819022AC7F65800D7D771 /* PhotoService.swift in Sources */ = {isa = PBXBuildFile; fileRef = A58819012AC7F65800D7D771 /* PhotoService.swift */; };
		A58819052AC7F7C900D7D771 /* NetworkManager.swift in Sources */ = {isa = PBXBuildFile; fileRef = A58819042AC7F7C900D7D771 /* NetworkManager.swift */; };
		A58819072AC7FB1C00D7D771 /* PhotoServiceImpl.swift in Sources */ = {isa = PBXBuildFile; fileRef = A58819062AC7FB1C00D7D771 /* PhotoServiceImpl.swift */; };
		A588190A2AC7FFB100D7D771 /* PhotoXDomain.swift in Sources */ = {isa = PBXBuildFile; fileRef = A58819092AC7FFB100D7D771 /* PhotoXDomain.swift */; };
		A588190D2AC8001800D7D771 /* PhotoXViewModel.swift in Sources */ = {isa = PBXBuildFile; fileRef = A588190C2AC8001800D7D771 /* PhotoXViewModel.swift */; };
		A58819122AC8044D00D7D771 /* AppCoordinator.swift in Sources */ = {isa = PBXBuildFile; fileRef = A58819112AC8044D00D7D771 /* AppCoordinator.swift */; };
		A58819152AC8047D00D7D771 /* BaseCoordinator.swift in Sources */ = {isa = PBXBuildFile; fileRef = A58819142AC8047D00D7D771 /* BaseCoordinator.swift */; };
		A58819172AC8058500D7D771 /* BaseNavigationController.swift in Sources */ = {isa = PBXBuildFile; fileRef = A58819162AC8058500D7D771 /* BaseNavigationController.swift */; };
		A588191A2AC805D200D7D771 /* HomeCoordinator.swift in Sources */ = {isa = PBXBuildFile; fileRef = A58819192AC805D200D7D771 /* HomeCoordinator.swift */; };
		A588191D2AC8078B00D7D771 /* Container+Coordinator.swift in Sources */ = {isa = PBXBuildFile; fileRef = A588191C2AC8078B00D7D771 /* Container+Coordinator.swift */; };
		A588191F2AC80B3400D7D771 /* BaseViewController.swift in Sources */ = {isa = PBXBuildFile; fileRef = A588191E2AC80B3400D7D771 /* BaseViewController.swift */; };
		A58819212AC80E0F00D7D771 /* BaseTabBarController.swift in Sources */ = {isa = PBXBuildFile; fileRef = A58819202AC80E0F00D7D771 /* BaseTabBarController.swift */; };
		A58819242AC8130000D7D771 /* LibraryViewController.swift in Sources */ = {isa = PBXBuildFile; fileRef = A58819232AC8130000D7D771 /* LibraryViewController.swift */; };
		A58819272AC8138B00D7D771 /* AlbumsViewController.swift in Sources */ = {isa = PBXBuildFile; fileRef = A58819262AC8138B00D7D771 /* AlbumsViewController.swift */; };
		A58819292AC814C600D7D771 /* HomeTabItem.swift in Sources */ = {isa = PBXBuildFile; fileRef = A58819282AC814C600D7D771 /* HomeTabItem.swift */; };
/* End PBXBuildFile section */

/* Begin PBXFileReference section */
		A518CEF72ACB40D700EEC263 /* AlbumViewModel.swift */ = {isa = PBXFileReference; lastKnownFileType = sourcecode.swift; path = AlbumViewModel.swift; sourceTree = "<group>"; };
		A518CEFA2ACB412100EEC263 /* Profile.swift */ = {isa = PBXFileReference; lastKnownFileType = sourcecode.swift; path = Profile.swift; sourceTree = "<group>"; };
		A518CEFE2ACB46FC00EEC263 /* Array+Extension.swift */ = {isa = PBXFileReference; lastKnownFileType = sourcecode.swift; path = "Array+Extension.swift"; sourceTree = "<group>"; };
		A58818D92AC7E9B500D7D771 /* photosX.app */ = {isa = PBXFileReference; explicitFileType = wrapper.application; includeInIndex = 0; path = photosX.app; sourceTree = BUILT_PRODUCTS_DIR; };
		A58818DC2AC7E9B500D7D771 /* AppDelegate.swift */ = {isa = PBXFileReference; lastKnownFileType = sourcecode.swift; path = AppDelegate.swift; sourceTree = "<group>"; };
		A58818DE2AC7E9B500D7D771 /* SceneDelegate.swift */ = {isa = PBXFileReference; lastKnownFileType = sourcecode.swift; path = SceneDelegate.swift; sourceTree = "<group>"; };
		A58818E02AC7E9B500D7D771 /* HomeViewController.swift */ = {isa = PBXFileReference; lastKnownFileType = sourcecode.swift; path = HomeViewController.swift; sourceTree = "<group>"; };
		A58818E52AC7E9B600D7D771 /* Assets.xcassets */ = {isa = PBXFileReference; lastKnownFileType = folder.assetcatalog; path = Assets.xcassets; sourceTree = "<group>"; };
		A58818E82AC7E9B600D7D771 /* Base */ = {isa = PBXFileReference; lastKnownFileType = file.storyboard; name = Base; path = Base.lproj/LaunchScreen.storyboard; sourceTree = "<group>"; };
		A58818EA2AC7E9B600D7D771 /* Info.plist */ = {isa = PBXFileReference; lastKnownFileType = text.plist.xml; path = Info.plist; sourceTree = "<group>"; };
		A58818F12AC7F37700D7D771 /* NetworkManagerImpl.swift */ = {isa = PBXFileReference; lastKnownFileType = sourcecode.swift; path = NetworkManagerImpl.swift; sourceTree = "<group>"; };
		A58818FA2AC7F43500D7D771 /* Container+Services.swift */ = {isa = PBXFileReference; lastKnownFileType = sourcecode.swift; path = "Container+Services.swift"; sourceTree = "<group>"; };
		A58818FC2AC7F4A000D7D771 /* Container+RegisterDependencies.swift */ = {isa = PBXFileReference; lastKnownFileType = sourcecode.swift; path = "Container+RegisterDependencies.swift"; sourceTree = "<group>"; };
		A58818FF2AC7F59D00D7D771 /* APIEndPoints.swift */ = {isa = PBXFileReference; lastKnownFileType = sourcecode.swift; path = APIEndPoints.swift; sourceTree = "<group>"; };
		A58819012AC7F65800D7D771 /* PhotoService.swift */ = {isa = PBXFileReference; lastKnownFileType = sourcecode.swift; path = PhotoService.swift; sourceTree = "<group>"; };
		A58819042AC7F7C900D7D771 /* NetworkManager.swift */ = {isa = PBXFileReference; lastKnownFileType = sourcecode.swift; path = NetworkManager.swift; sourceTree = "<group>"; };
		A58819062AC7FB1C00D7D771 /* PhotoServiceImpl.swift */ = {isa = PBXFileReference; lastKnownFileType = sourcecode.swift; path = PhotoServiceImpl.swift; sourceTree = "<group>"; };
		A58819092AC7FFB100D7D771 /* PhotoXDomain.swift */ = {isa = PBXFileReference; lastKnownFileType = sourcecode.swift; path = PhotoXDomain.swift; sourceTree = "<group>"; };
		A588190C2AC8001800D7D771 /* PhotoXViewModel.swift */ = {isa = PBXFileReference; lastKnownFileType = sourcecode.swift; path = PhotoXViewModel.swift; sourceTree = "<group>"; };
		A58819112AC8044D00D7D771 /* AppCoordinator.swift */ = {isa = PBXFileReference; lastKnownFileType = sourcecode.swift; path = AppCoordinator.swift; sourceTree = "<group>"; };
		A58819142AC8047D00D7D771 /* BaseCoordinator.swift */ = {isa = PBXFileReference; lastKnownFileType = sourcecode.swift; path = BaseCoordinator.swift; sourceTree = "<group>"; };
		A58819162AC8058500D7D771 /* BaseNavigationController.swift */ = {isa = PBXFileReference; lastKnownFileType = sourcecode.swift; path = BaseNavigationController.swift; sourceTree = "<group>"; };
		A58819192AC805D200D7D771 /* HomeCoordinator.swift */ = {isa = PBXFileReference; lastKnownFileType = sourcecode.swift; path = HomeCoordinator.swift; sourceTree = "<group>"; };
		A588191C2AC8078B00D7D771 /* Container+Coordinator.swift */ = {isa = PBXFileReference; lastKnownFileType = sourcecode.swift; path = "Container+Coordinator.swift"; sourceTree = "<group>"; };
		A588191E2AC80B3400D7D771 /* BaseViewController.swift */ = {isa = PBXFileReference; lastKnownFileType = sourcecode.swift; path = BaseViewController.swift; sourceTree = "<group>"; };
		A58819202AC80E0F00D7D771 /* BaseTabBarController.swift */ = {isa = PBXFileReference; lastKnownFileType = sourcecode.swift; path = BaseTabBarController.swift; sourceTree = "<group>"; };
		A58819232AC8130000D7D771 /* LibraryViewController.swift */ = {isa = PBXFileReference; lastKnownFileType = sourcecode.swift; path = LibraryViewController.swift; sourceTree = "<group>"; };
		A58819262AC8138B00D7D771 /* AlbumsViewController.swift */ = {isa = PBXFileReference; lastKnownFileType = sourcecode.swift; path = AlbumsViewController.swift; sourceTree = "<group>"; };
		A58819282AC814C600D7D771 /* HomeTabItem.swift */ = {isa = PBXFileReference; lastKnownFileType = sourcecode.swift; path = HomeTabItem.swift; sourceTree = "<group>"; };
/* End PBXFileReference section */

/* Begin PBXFrameworksBuildPhase section */
		A58818D62AC7E9B500D7D771 /* Frameworks */ = {
			isa = PBXFrameworksBuildPhase;
			buildActionMask = 2147483647;
			files = (
				A58818F52AC7F3E100D7D771 /* Swinject in Frameworks */,
				A58818F82AC7F3F500D7D771 /* SwinjectAutoregistration in Frameworks */,
			);
			runOnlyForDeploymentPostprocessing = 0;
		};
/* End PBXFrameworksBuildPhase section */

/* Begin PBXGroup section */
		A518CEF92ACB411300EEC263 /* Models */ = {
			isa = PBXGroup;
			children = (
				A518CEFA2ACB412100EEC263 /* Profile.swift */,
			);
			path = Models;
			sourceTree = "<group>";
		};
		A518CEFC2ACB46E600EEC263 /* Utils */ = {
			isa = PBXGroup;
			children = (
				A518CEFD2ACB46EE00EEC263 /* Extensions */,
			);
			path = Utils;
			sourceTree = "<group>";
		};
		A518CEFD2ACB46EE00EEC263 /* Extensions */ = {
			isa = PBXGroup;
			children = (
				A518CEFE2ACB46FC00EEC263 /* Array+Extension.swift */,
			);
			path = Extensions;
			sourceTree = "<group>";
		};
		A58818D02AC7E9B500D7D771 = {
			isa = PBXGroup;
			children = (
				A58818DB2AC7E9B500D7D771 /* photosX */,
				A58818DA2AC7E9B500D7D771 /* Products */,
			);
			sourceTree = "<group>";
		};
		A58818DA2AC7E9B500D7D771 /* Products */ = {
			isa = PBXGroup;
			children = (
				A58818D92AC7E9B500D7D771 /* photosX.app */,
			);
			name = Products;
			sourceTree = "<group>";
		};
		A58818DB2AC7E9B500D7D771 /* photosX */ = {
			isa = PBXGroup;
			children = (
				A518CEFC2ACB46E600EEC263 /* Utils */,
				A58819102AC8042900D7D771 /* App */,
				A58818FE2AC7F59300D7D771 /* Constants */,
				A58818F02AC7F36900D7D771 /* Services */,
				A58819032AC7F6C900D7D771 /* Repository */,
				A518CEF92ACB411300EEC263 /* Models */,
				A58819082AC7FF8700D7D771 /* DomainModels */,
				A588190B2AC7FFF800D7D771 /* ViewModels */,
				A58818F92AC7F41700D7D771 /* DependencyInjection */,
				A58818DC2AC7E9B500D7D771 /* AppDelegate.swift */,
				A58818DE2AC7E9B500D7D771 /* SceneDelegate.swift */,
				A58818E52AC7E9B600D7D771 /* Assets.xcassets */,
				A58818E72AC7E9B600D7D771 /* LaunchScreen.storyboard */,
				A58818EA2AC7E9B600D7D771 /* Info.plist */,
			);
			path = photosX;
			sourceTree = "<group>";
		};
		A58818F02AC7F36900D7D771 /* Services */ = {
			isa = PBXGroup;
			children = (
				A588190E2AC8003600D7D771 /* NetworkManager */,
				A588190F2AC8004400D7D771 /* PhotoService */,
			);
			path = Services;
			sourceTree = "<group>";
		};
		A58818F92AC7F41700D7D771 /* DependencyInjection */ = {
			isa = PBXGroup;
			children = (
				A58818FC2AC7F4A000D7D771 /* Container+RegisterDependencies.swift */,
				A58818FA2AC7F43500D7D771 /* Container+Services.swift */,
				A588191C2AC8078B00D7D771 /* Container+Coordinator.swift */,
			);
			path = DependencyInjection;
			sourceTree = "<group>";
		};
		A58818FE2AC7F59300D7D771 /* Constants */ = {
			isa = PBXGroup;
			children = (
				A58818FF2AC7F59D00D7D771 /* APIEndPoints.swift */,
			);
			path = Constants;
			sourceTree = "<group>";
		};
		A58819032AC7F6C900D7D771 /* Repository */ = {
			isa = PBXGroup;
			children = (
			);
			path = Repository;
			sourceTree = "<group>";
		};
		A58819082AC7FF8700D7D771 /* DomainModels */ = {
			isa = PBXGroup;
			children = (
				A58819092AC7FFB100D7D771 /* PhotoXDomain.swift */,
			);
			path = DomainModels;
			sourceTree = "<group>";
		};
		A588190B2AC7FFF800D7D771 /* ViewModels */ = {
			isa = PBXGroup;
			children = (
				A588190C2AC8001800D7D771 /* PhotoXViewModel.swift */,
				A518CEF72ACB40D700EEC263 /* AlbumViewModel.swift */,
			);
			path = ViewModels;
			sourceTree = "<group>";
		};
		A588190E2AC8003600D7D771 /* NetworkManager */ = {
			isa = PBXGroup;
			children = (
				A58819042AC7F7C900D7D771 /* NetworkManager.swift */,
				A58818F12AC7F37700D7D771 /* NetworkManagerImpl.swift */,
			);
			path = NetworkManager;
			sourceTree = "<group>";
		};
		A588190F2AC8004400D7D771 /* PhotoService */ = {
			isa = PBXGroup;
			children = (
				A58819012AC7F65800D7D771 /* PhotoService.swift */,
				A58819062AC7FB1C00D7D771 /* PhotoServiceImpl.swift */,
			);
			path = PhotoService;
			sourceTree = "<group>";
		};
		A58819102AC8042900D7D771 /* App */ = {
			isa = PBXGroup;
			children = (
				A58819132AC8045C00D7D771 /* Base */,
				A58819112AC8044D00D7D771 /* AppCoordinator.swift */,
				A58819182AC805B200D7D771 /* Home */,
				A58819222AC812ED00D7D771 /* Library */,
				A58819252AC8137200D7D771 /* Albums */,
			);
			path = App;
			sourceTree = "<group>";
		};
		A58819132AC8045C00D7D771 /* Base */ = {
			isa = PBXGroup;
			children = (
				A58819142AC8047D00D7D771 /* BaseCoordinator.swift */,
				A58819162AC8058500D7D771 /* BaseNavigationController.swift */,
				A588191E2AC80B3400D7D771 /* BaseViewController.swift */,
				A58819202AC80E0F00D7D771 /* BaseTabBarController.swift */,
			);
			path = Base;
			sourceTree = "<group>";
		};
		A58819182AC805B200D7D771 /* Home */ = {
			isa = PBXGroup;
			children = (
				A58819192AC805D200D7D771 /* HomeCoordinator.swift */,
				A58818E02AC7E9B500D7D771 /* HomeViewController.swift */,
				A58819282AC814C600D7D771 /* HomeTabItem.swift */,
			);
			path = Home;
			sourceTree = "<group>";
		};
		A58819222AC812ED00D7D771 /* Library */ = {
			isa = PBXGroup;
			children = (
				A58819232AC8130000D7D771 /* LibraryViewController.swift */,
			);
			path = Library;
			sourceTree = "<group>";
		};
		A58819252AC8137200D7D771 /* Albums */ = {
			isa = PBXGroup;
			children = (
				A58819262AC8138B00D7D771 /* AlbumsViewController.swift */,
			);
			path = Albums;
			sourceTree = "<group>";
		};
/* End PBXGroup section */

/* Begin PBXNativeTarget section */
		A58818D82AC7E9B500D7D771 /* photosX */ = {
			isa = PBXNativeTarget;
			buildConfigurationList = A58818ED2AC7E9B600D7D771 /* Build configuration list for PBXNativeTarget "photosX" */;
			buildPhases = (
				A58818D52AC7E9B500D7D771 /* Sources */,
				A58818D62AC7E9B500D7D771 /* Frameworks */,
				A58818D72AC7E9B500D7D771 /* Resources */,
			);
			buildRules = (
			);
			dependencies = (
			);
			name = photosX;
			packageProductDependencies = (
				A58818F42AC7F3E100D7D771 /* Swinject */,
				A58818F72AC7F3F500D7D771 /* SwinjectAutoregistration */,
			);
			productName = photosX;
			productReference = A58818D92AC7E9B500D7D771 /* photosX.app */;
			productType = "com.apple.product-type.application";
		};
/* End PBXNativeTarget section */

/* Begin PBXProject section */
		A58818D12AC7E9B500D7D771 /* Project object */ = {
			isa = PBXProject;
			attributes = {
				BuildIndependentTargetsInParallel = 1;
				LastSwiftUpdateCheck = 1420;
				LastUpgradeCheck = 1420;
				TargetAttributes = {
					A58818D82AC7E9B500D7D771 = {
						CreatedOnToolsVersion = 14.2;
					};
				};
			};
			buildConfigurationList = A58818D42AC7E9B500D7D771 /* Build configuration list for PBXProject "photosX" */;
			compatibilityVersion = "Xcode 14.0";
			developmentRegion = en;
			hasScannedForEncodings = 0;
			knownRegions = (
				en,
				Base,
			);
			mainGroup = A58818D02AC7E9B500D7D771;
			packageReferences = (
				A58818F32AC7F3E100D7D771 /* XCRemoteSwiftPackageReference "Swinject" */,
				A58818F62AC7F3F500D7D771 /* XCRemoteSwiftPackageReference "SwinjectAutoregistration" */,
			);
			productRefGroup = A58818DA2AC7E9B500D7D771 /* Products */;
			projectDirPath = "";
			projectRoot = "";
			targets = (
				A58818D82AC7E9B500D7D771 /* photosX */,
			);
		};
/* End PBXProject section */

/* Begin PBXResourcesBuildPhase section */
		A58818D72AC7E9B500D7D771 /* Resources */ = {
			isa = PBXResourcesBuildPhase;
			buildActionMask = 2147483647;
			files = (
				A58818E92AC7E9B600D7D771 /* LaunchScreen.storyboard in Resources */,
				A58818E62AC7E9B600D7D771 /* Assets.xcassets in Resources */,
			);
			runOnlyForDeploymentPostprocessing = 0;
		};
/* End PBXResourcesBuildPhase section */

/* Begin PBXSourcesBuildPhase section */
		A58818D52AC7E9B500D7D771 /* Sources */ = {
			isa = PBXSourcesBuildPhase;
			buildActionMask = 2147483647;
			files = (
				A58819072AC7FB1C00D7D771 /* PhotoServiceImpl.swift in Sources */,
				A518CEFB2ACB412100EEC263 /* Profile.swift in Sources */,
				A58819052AC7F7C900D7D771 /* NetworkManager.swift in Sources */,
				A58819122AC8044D00D7D771 /* AppCoordinator.swift in Sources */,
				A58819292AC814C600D7D771 /* HomeTabItem.swift in Sources */,
				A518CEF82ACB40D700EEC263 /* AlbumViewModel.swift in Sources */,
				A518CEFF2ACB46FC00EEC263 /* Array+Extension.swift in Sources */,
				A58819022AC7F65800D7D771 /* PhotoService.swift in Sources */,
				A588190A2AC7FFB100D7D771 /* PhotoXDomain.swift in Sources */,
				A588191F2AC80B3400D7D771 /* BaseViewController.swift in Sources */,
				A58818F22AC7F37700D7D771 /* NetworkManagerImpl.swift in Sources */,
				A58819212AC80E0F00D7D771 /* BaseTabBarController.swift in Sources */,
				A58818FD2AC7F4A000D7D771 /* Container+RegisterDependencies.swift in Sources */,
				A58818FB2AC7F43500D7D771 /* Container+Services.swift in Sources */,
				A58819172AC8058500D7D771 /* BaseNavigationController.swift in Sources */,
				A58819002AC7F59D00D7D771 /* APIEndPoints.swift in Sources */,
				A588191D2AC8078B00D7D771 /* Container+Coordinator.swift in Sources */,
				A58818E12AC7E9B500D7D771 /* HomeViewController.swift in Sources */,
				A58819272AC8138B00D7D771 /* AlbumsViewController.swift in Sources */,
				A58818DD2AC7E9B500D7D771 /* AppDelegate.swift in Sources */,
				A58819152AC8047D00D7D771 /* BaseCoordinator.swift in Sources */,
				A588191A2AC805D200D7D771 /* HomeCoordinator.swift in Sources */,
				A58819242AC8130000D7D771 /* LibraryViewController.swift in Sources */,
				A588190D2AC8001800D7D771 /* PhotoXViewModel.swift in Sources */,
				A58818DF2AC7E9B500D7D771 /* SceneDelegate.swift in Sources */,
			);
			runOnlyForDeploymentPostprocessing = 0;
		};
/* End PBXSourcesBuildPhase section */

/* Begin PBXVariantGroup section */
		A58818E72AC7E9B600D7D771 /* LaunchScreen.storyboard */ = {
			isa = PBXVariantGroup;
			children = (
				A58818E82AC7E9B600D7D771 /* Base */,
			);
			name = LaunchScreen.storyboard;
			sourceTree = "<group>";
		};
/* End PBXVariantGroup section */

/* Begin XCBuildConfiguration section */
		A58818EB2AC7E9B600D7D771 /* Debug */ = {
			isa = XCBuildConfiguration;
			buildSettings = {
				ALWAYS_SEARCH_USER_PATHS = NO;
				CLANG_ANALYZER_NONNULL = YES;
				CLANG_ANALYZER_NUMBER_OBJECT_CONVERSION = YES_AGGRESSIVE;
				CLANG_CXX_LANGUAGE_STANDARD = "gnu++20";
				CLANG_ENABLE_MODULES = YES;
				CLANG_ENABLE_OBJC_ARC = YES;
				CLANG_ENABLE_OBJC_WEAK = YES;
				CLANG_WARN_BLOCK_CAPTURE_AUTORELEASING = YES;
				CLANG_WARN_BOOL_CONVERSION = YES;
				CLANG_WARN_COMMA = YES;
				CLANG_WARN_CONSTANT_CONVERSION = YES;
				CLANG_WARN_DEPRECATED_OBJC_IMPLEMENTATIONS = YES;
				CLANG_WARN_DIRECT_OBJC_ISA_USAGE = YES_ERROR;
				CLANG_WARN_DOCUMENTATION_COMMENTS = YES;
				CLANG_WARN_EMPTY_BODY = YES;
				CLANG_WARN_ENUM_CONVERSION = YES;
				CLANG_WARN_INFINITE_RECURSION = YES;
				CLANG_WARN_INT_CONVERSION = YES;
				CLANG_WARN_NON_LITERAL_NULL_CONVERSION = YES;
				CLANG_WARN_OBJC_IMPLICIT_RETAIN_SELF = YES;
				CLANG_WARN_OBJC_LITERAL_CONVERSION = YES;
				CLANG_WARN_OBJC_ROOT_CLASS = YES_ERROR;
				CLANG_WARN_QUOTED_INCLUDE_IN_FRAMEWORK_HEADER = YES;
				CLANG_WARN_RANGE_LOOP_ANALYSIS = YES;
				CLANG_WARN_STRICT_PROTOTYPES = YES;
				CLANG_WARN_SUSPICIOUS_MOVE = YES;
				CLANG_WARN_UNGUARDED_AVAILABILITY = YES_AGGRESSIVE;
				CLANG_WARN_UNREACHABLE_CODE = YES;
				CLANG_WARN__DUPLICATE_METHOD_MATCH = YES;
				COPY_PHASE_STRIP = NO;
				DEBUG_INFORMATION_FORMAT = dwarf;
				ENABLE_STRICT_OBJC_MSGSEND = YES;
				ENABLE_TESTABILITY = YES;
				GCC_C_LANGUAGE_STANDARD = gnu11;
				GCC_DYNAMIC_NO_PIC = NO;
				GCC_NO_COMMON_BLOCKS = YES;
				GCC_OPTIMIZATION_LEVEL = 0;
				GCC_PREPROCESSOR_DEFINITIONS = (
					"DEBUG=1",
					"$(inherited)",
				);
				GCC_WARN_64_TO_32_BIT_CONVERSION = YES;
				GCC_WARN_ABOUT_RETURN_TYPE = YES_ERROR;
				GCC_WARN_UNDECLARED_SELECTOR = YES;
				GCC_WARN_UNINITIALIZED_AUTOS = YES_AGGRESSIVE;
				GCC_WARN_UNUSED_FUNCTION = YES;
				GCC_WARN_UNUSED_VARIABLE = YES;
				IPHONEOS_DEPLOYMENT_TARGET = 16.2;
				MTL_ENABLE_DEBUG_INFO = INCLUDE_SOURCE;
				MTL_FAST_MATH = YES;
				ONLY_ACTIVE_ARCH = YES;
				SDKROOT = iphoneos;
				SWIFT_ACTIVE_COMPILATION_CONDITIONS = DEBUG;
				SWIFT_OPTIMIZATION_LEVEL = "-Onone";
			};
			name = Debug;
		};
		A58818EC2AC7E9B600D7D771 /* Release */ = {
			isa = XCBuildConfiguration;
			buildSettings = {
				ALWAYS_SEARCH_USER_PATHS = NO;
				CLANG_ANALYZER_NONNULL = YES;
				CLANG_ANALYZER_NUMBER_OBJECT_CONVERSION = YES_AGGRESSIVE;
				CLANG_CXX_LANGUAGE_STANDARD = "gnu++20";
				CLANG_ENABLE_MODULES = YES;
				CLANG_ENABLE_OBJC_ARC = YES;
				CLANG_ENABLE_OBJC_WEAK = YES;
				CLANG_WARN_BLOCK_CAPTURE_AUTORELEASING = YES;
				CLANG_WARN_BOOL_CONVERSION = YES;
				CLANG_WARN_COMMA = YES;
				CLANG_WARN_CONSTANT_CONVERSION = YES;
				CLANG_WARN_DEPRECATED_OBJC_IMPLEMENTATIONS = YES;
				CLANG_WARN_DIRECT_OBJC_ISA_USAGE = YES_ERROR;
				CLANG_WARN_DOCUMENTATION_COMMENTS = YES;
				CLANG_WARN_EMPTY_BODY = YES;
				CLANG_WARN_ENUM_CONVERSION = YES;
				CLANG_WARN_INFINITE_RECURSION = YES;
				CLANG_WARN_INT_CONVERSION = YES;
				CLANG_WARN_NON_LITERAL_NULL_CONVERSION = YES;
				CLANG_WARN_OBJC_IMPLICIT_RETAIN_SELF = YES;
				CLANG_WARN_OBJC_LITERAL_CONVERSION = YES;
				CLANG_WARN_OBJC_ROOT_CLASS = YES_ERROR;
				CLANG_WARN_QUOTED_INCLUDE_IN_FRAMEWORK_HEADER = YES;
				CLANG_WARN_RANGE_LOOP_ANALYSIS = YES;
				CLANG_WARN_STRICT_PROTOTYPES = YES;
				CLANG_WARN_SUSPICIOUS_MOVE = YES;
				CLANG_WARN_UNGUARDED_AVAILABILITY = YES_AGGRESSIVE;
				CLANG_WARN_UNREACHABLE_CODE = YES;
				CLANG_WARN__DUPLICATE_METHOD_MATCH = YES;
				COPY_PHASE_STRIP = NO;
				DEBUG_INFORMATION_FORMAT = "dwarf-with-dsym";
				ENABLE_NS_ASSERTIONS = NO;
				ENABLE_STRICT_OBJC_MSGSEND = YES;
				GCC_C_LANGUAGE_STANDARD = gnu11;
				GCC_NO_COMMON_BLOCKS = YES;
				GCC_WARN_64_TO_32_BIT_CONVERSION = YES;
				GCC_WARN_ABOUT_RETURN_TYPE = YES_ERROR;
				GCC_WARN_UNDECLARED_SELECTOR = YES;
				GCC_WARN_UNINITIALIZED_AUTOS = YES_AGGRESSIVE;
				GCC_WARN_UNUSED_FUNCTION = YES;
				GCC_WARN_UNUSED_VARIABLE = YES;
				IPHONEOS_DEPLOYMENT_TARGET = 16.2;
				MTL_ENABLE_DEBUG_INFO = NO;
				MTL_FAST_MATH = YES;
				SDKROOT = iphoneos;
				SWIFT_COMPILATION_MODE = wholemodule;
				SWIFT_OPTIMIZATION_LEVEL = "-O";
				VALIDATE_PRODUCT = YES;
			};
			name = Release;
		};
		A58818EE2AC7E9B600D7D771 /* Debug */ = {
			isa = XCBuildConfiguration;
			buildSettings = {
				ASSETCATALOG_COMPILER_APPICON_NAME = AppIcon;
				ASSETCATALOG_COMPILER_GLOBAL_ACCENT_COLOR_NAME = AccentColor;
				CODE_SIGN_STYLE = Automatic;
				CURRENT_PROJECT_VERSION = 1;
				DEVELOPMENT_TEAM = 8W6TC9JFK7;
				GENERATE_INFOPLIST_FILE = YES;
				INFOPLIST_FILE = photosX/Info.plist;
				INFOPLIST_KEY_UIApplicationSupportsIndirectInputEvents = YES;
				INFOPLIST_KEY_UILaunchStoryboardName = LaunchScreen;
				INFOPLIST_KEY_UIMainStoryboardFile = Main;
				INFOPLIST_KEY_UISupportedInterfaceOrientations_iPad = "UIInterfaceOrientationPortrait UIInterfaceOrientationPortraitUpsideDown UIInterfaceOrientationLandscapeLeft UIInterfaceOrientationLandscapeRight";
				INFOPLIST_KEY_UISupportedInterfaceOrientations_iPhone = "UIInterfaceOrientationPortrait UIInterfaceOrientationLandscapeLeft UIInterfaceOrientationLandscapeRight";
				LD_RUNPATH_SEARCH_PATHS = (
					"$(inherited)",
					"@executable_path/Frameworks",
				);
				MARKETING_VERSION = 1.0;
				PRODUCT_BUNDLE_IDENTIFIER = com.x.photosX;
				PRODUCT_NAME = "$(TARGET_NAME)";
				SWIFT_EMIT_LOC_STRINGS = YES;
				SWIFT_VERSION = 5.0;
				TARGETED_DEVICE_FAMILY = "1,2";
			};
			name = Debug;
		};
		A58818EF2AC7E9B600D7D771 /* Release */ = {
			isa = XCBuildConfiguration;
			buildSettings = {
				ASSETCATALOG_COMPILER_APPICON_NAME = AppIcon;
				ASSETCATALOG_COMPILER_GLOBAL_ACCENT_COLOR_NAME = AccentColor;
				CODE_SIGN_STYLE = Automatic;
				CURRENT_PROJECT_VERSION = 1;
				DEVELOPMENT_TEAM = 8W6TC9JFK7;
				GENERATE_INFOPLIST_FILE = YES;
				INFOPLIST_FILE = photosX/Info.plist;
				INFOPLIST_KEY_UIApplicationSupportsIndirectInputEvents = YES;
				INFOPLIST_KEY_UILaunchStoryboardName = LaunchScreen;
				INFOPLIST_KEY_UIMainStoryboardFile = Main;
				INFOPLIST_KEY_UISupportedInterfaceOrientations_iPad = "UIInterfaceOrientationPortrait UIInterfaceOrientationPortraitUpsideDown UIInterfaceOrientationLandscapeLeft UIInterfaceOrientationLandscapeRight";
				INFOPLIST_KEY_UISupportedInterfaceOrientations_iPhone = "UIInterfaceOrientationPortrait UIInterfaceOrientationLandscapeLeft UIInterfaceOrientationLandscapeRight";
				LD_RUNPATH_SEARCH_PATHS = (
					"$(inherited)",
					"@executable_path/Frameworks",
				);
				MARKETING_VERSION = 1.0;
				PRODUCT_BUNDLE_IDENTIFIER = com.x.photosX;
				PRODUCT_NAME = "$(TARGET_NAME)";
				SWIFT_EMIT_LOC_STRINGS = YES;
				SWIFT_VERSION = 5.0;
				TARGETED_DEVICE_FAMILY = "1,2";
			};
			name = Release;
		};
/* End XCBuildConfiguration section */

/* Begin XCConfigurationList section */
		A58818D42AC7E9B500D7D771 /* Build configuration list for PBXProject "photosX" */ = {
			isa = XCConfigurationList;
			buildConfigurations = (
				A58818EB2AC7E9B600D7D771 /* Debug */,
				A58818EC2AC7E9B600D7D771 /* Release */,
			);
			defaultConfigurationIsVisible = 0;
			defaultConfigurationName = Release;
		};
		A58818ED2AC7E9B600D7D771 /* Build configuration list for PBXNativeTarget "photosX" */ = {
			isa = XCConfigurationList;
			buildConfigurations = (
				A58818EE2AC7E9B600D7D771 /* Debug */,
				A58818EF2AC7E9B600D7D771 /* Release */,
			);
			defaultConfigurationIsVisible = 0;
			defaultConfigurationName = Release;
		};
/* End XCConfigurationList section */

/* Begin XCRemoteSwiftPackageReference section */
		A58818F32AC7F3E100D7D771 /* XCRemoteSwiftPackageReference "Swinject" */ = {
			isa = XCRemoteSwiftPackageReference;
			repositoryURL = "https://github.com/Swinject/Swinject.git";
			requirement = {
				kind = upToNextMajorVersion;
				minimumVersion = 2.0.0;
			};
		};
		A58818F62AC7F3F500D7D771 /* XCRemoteSwiftPackageReference "SwinjectAutoregistration" */ = {
			isa = XCRemoteSwiftPackageReference;
			repositoryURL = "https://github.com/Swinject/SwinjectAutoregistration.git";
			requirement = {
				branch = master;
				kind = branch;
			};
		};
/* End XCRemoteSwiftPackageReference section */

/* Begin XCSwiftPackageProductDependency section */
		A58818F42AC7F3E100D7D771 /* Swinject */ = {
			isa = XCSwiftPackageProductDependency;
			package = A58818F32AC7F3E100D7D771 /* XCRemoteSwiftPackageReference "Swinject" */;
			productName = Swinject;
		};
		A58818F72AC7F3F500D7D771 /* SwinjectAutoregistration */ = {
			isa = XCSwiftPackageProductDependency;
			package = A58818F62AC7F3F500D7D771 /* XCRemoteSwiftPackageReference "SwinjectAutoregistration" */;
			productName = SwinjectAutoregistration;
		};
/* End XCSwiftPackageProductDependency section */
	};
	rootObject = A58818D12AC7E9B500D7D771 /* Project object */;
}
